PODS:
  - CLLivingDetectSDK (1.0.0.2)

DEPENDENCIES:
  - CLLivingDetectSDK (from `../`)

EXTERNAL SOURCES:
  CLLivingDetectSDK:
    :path: "../"

SPEC CHECKSUMS:
  CLLivingDetectSDK: d63d885ad8fe155e0fee23f3efd284f0a109e672

PODFILE CHECKSUM: ae1c706a7992abd4f20aa14907d30c0f6418f8b6

COCOAPODS: 1.11.3
